
Microsoft Visual Studio Solution File, Format Version 12.00
# Visual Studio Version 17
VisualStudioVersion = 17.14.36414.22 d17.14
MinimumVisualStudioVersion = 10.0.40219.1
Project("{FAE04EC0-301F-11D3-BF4B-00C04F79EFBC}") = "FastBites", "FastBites\FastBites.csproj", "{8D01CF39-BA8C-4959-872B-16B520107E59}"
EndProject
Global
	GlobalSection(SolutionConfigurationPlatforms) = preSolution
		Debug|Any CPU = Debug|Any CPU
		Release|Any CPU = Release|Any CPU
	EndGlobalSection
	GlobalSection(ProjectConfigurationPlatforms) = postSolution
		{8D01CF39-BA8C-4959-872B-16B520107E59}.Debug|Any CPU.ActiveCfg = Debug|Any CPU
		{8D01CF39-BA8C-4959-872B-16B520107E59}.Debug|Any CPU.Build.0 = Debug|Any CPU
		{8D01CF39-BA8C-4959-872B-16B520107E59}.Release|Any CPU.ActiveCfg = Release|Any CPU
		{8D01CF39-BA8C-4959-872B-16B520107E59}.Release|Any CPU.Build.0 = Release|Any CPU
	EndGlobalSection
	GlobalSection(SolutionProperties) = preSolution
		HideSolutionNode = FALSE
	EndGlobalSection
	GlobalSection(ExtensibilityGlobals) = postSolution
		SolutionGuid = {3EC0A10B-5CDA-4769-B5EC-059D6DE58E51}
	EndGlobalSection
EndGlobal
